
Microsoft Visual Studio Solution File, Format Version 12.00
# Visual Studio 15
VisualStudioVersion = 15.0.26430.16
MinimumVisualStudioVersion = 10.0.40219.1
Project("{262852C6-CD72-467D-83FE-5EEB1973A190}") = "MyRecordsJS", "MyRecordsJS\MyRecordsJS.jsproj", "{F1ED06E0-3998-4420-9E50-F50D644A5BFB}"
EndProject
Global
	GlobalSection(SolutionConfigurationPlatforms) = preSolution
		Debug|Android = Debug|Android
		Debug|iOS = Debug|iOS
		Debug|Windows-ARM = Debug|Windows-ARM
		Debug|Windows-x64 = Debug|Windows-x64
		Debug|Windows-x86 = Debug|Windows-x86
		Release|Android = Release|Android
		Release|iOS = Release|iOS
		Release|Windows-ARM = Release|Windows-ARM
		Release|Windows-x64 = Release|Windows-x64
		Release|Windows-x86 = Release|Windows-x86
	EndGlobalSection
	GlobalSection(ProjectConfigurationPlatforms) = postSolution
		{F1ED06E0-3998-4420-9E50-F50D644A5BFB}.Debug|Android.ActiveCfg = Debug|Android
		{F1ED06E0-3998-4420-9E50-F50D644A5BFB}.Debug|Android.Build.0 = Debug|Android
		{F1ED06E0-3998-4420-9E50-F50D644A5BFB}.Debug|Android.Deploy.0 = Debug|Android
		{F1ED06E0-3998-4420-9E50-F50D644A5BFB}.Debug|iOS.ActiveCfg = Debug|iOS
		{F1ED06E0-3998-4420-9E50-F50D644A5BFB}.Debug|iOS.Build.0 = Debug|iOS
		{F1ED06E0-3998-4420-9E50-F50D644A5BFB}.Debug|iOS.Deploy.0 = Debug|iOS
		{F1ED06E0-3998-4420-9E50-F50D644A5BFB}.Debug|Windows-ARM.ActiveCfg = Debug|Windows-ARM
		{F1ED06E0-3998-4420-9E50-F50D644A5BFB}.Debug|Windows-ARM.Build.0 = Debug|Windows-ARM
		{F1ED06E0-3998-4420-9E50-F50D644A5BFB}.Debug|Windows-ARM.Deploy.0 = Debug|Windows-ARM
		{F1ED06E0-3998-4420-9E50-F50D644A5BFB}.Debug|Windows-x64.ActiveCfg = Debug|Windows-x64
		{F1ED06E0-3998-4420-9E50-F50D644A5BFB}.Debug|Windows-x64.Build.0 = Debug|Windows-x64
		{F1ED06E0-3998-4420-9E50-F50D644A5BFB}.Debug|Windows-x64.Deploy.0 = Debug|Windows-x64
		{F1ED06E0-3998-4420-9E50-F50D644A5BFB}.Debug|Windows-x86.ActiveCfg = Debug|Windows-x86
		{F1ED06E0-3998-4420-9E50-F50D644A5BFB}.Debug|Windows-x86.Build.0 = Debug|Windows-x86
		{F1ED06E0-3998-4420-9E50-F50D644A5BFB}.Debug|Windows-x86.Deploy.0 = Debug|Windows-x86
		{F1ED06E0-3998-4420-9E50-F50D644A5BFB}.Release|Android.ActiveCfg = Release|Android
		{F1ED06E0-3998-4420-9E50-F50D644A5BFB}.Release|Android.Build.0 = Release|Android
		{F1ED06E0-3998-4420-9E50-F50D644A5BFB}.Release|Android.Deploy.0 = Release|Android
		{F1ED06E0-3998-4420-9E50-F50D644A5BFB}.Release|iOS.ActiveCfg = Release|iOS
		{F1ED06E0-3998-4420-9E50-F50D644A5BFB}.Release|iOS.Build.0 = Release|iOS
		{F1ED06E0-3998-4420-9E50-F50D644A5BFB}.Release|iOS.Deploy.0 = Release|iOS
		{F1ED06E0-3998-4420-9E50-F50D644A5BFB}.Release|Windows-ARM.ActiveCfg = Release|Windows-ARM
		{F1ED06E0-3998-4420-9E50-F50D644A5BFB}.Release|Windows-ARM.Build.0 = Release|Windows-ARM
		{F1ED06E0-3998-4420-9E50-F50D644A5BFB}.Release|Windows-ARM.Deploy.0 = Release|Windows-ARM
		{F1ED06E0-3998-4420-9E50-F50D644A5BFB}.Release|Windows-x64.ActiveCfg = Release|Windows-x64
		{F1ED06E0-3998-4420-9E50-F50D644A5BFB}.Release|Windows-x64.Build.0 = Release|Windows-x64
		{F1ED06E0-3998-4420-9E50-F50D644A5BFB}.Release|Windows-x64.Deploy.0 = Release|Windows-x64
		{F1ED06E0-3998-4420-9E50-F50D644A5BFB}.Release|Windows-x86.ActiveCfg = Release|Windows-x86
		{F1ED06E0-3998-4420-9E50-F50D644A5BFB}.Release|Windows-x86.Build.0 = Release|Windows-x86
		{F1ED06E0-3998-4420-9E50-F50D644A5BFB}.Release|Windows-x86.Deploy.0 = Release|Windows-x86
	EndGlobalSection
	GlobalSection(SolutionProperties) = preSolution
		HideSolutionNode = FALSE
	EndGlobalSection
EndGlobal
